
Microsoft Visual Studio Solution File, Format Version 12.00
# Visual Studio 14
VisualStudioVersion = 14.0.23107.0
MinimumVisualStudioVersion = 10.0.40219.1
Project("{00D1A9C2-B5F0-4AF3-8072-F6C62B433612}") = "DBProject1", "DBProject1\DBProject1.sqlproj", "{AAF82FB9-BD16-49A7-9029-5F7CA0C1327E}"
EndProject
Global
	GlobalSection(SolutionConfigurationPlatforms) = preSolution
		Debug|Any CPU = Debug|Any CPU
		Release|Any CPU = Release|Any CPU
	EndGlobalSection
	GlobalSection(ProjectConfigurationPlatforms) = postSolution
		{AAF82FB9-BD16-49A7-9029-5F7CA0C1327E}.Debug|Any CPU.ActiveCfg = Debug|Any CPU
		{AAF82FB9-BD16-49A7-9029-5F7CA0C1327E}.Debug|Any CPU.Build.0 = Debug|Any CPU
		{AAF82FB9-BD16-49A7-9029-5F7CA0C1327E}.Debug|Any CPU.Deploy.0 = Debug|Any CPU
		{AAF82FB9-BD16-49A7-9029-5F7CA0C1327E}.Release|Any CPU.ActiveCfg = Release|Any CPU
		{AAF82FB9-BD16-49A7-9029-5F7CA0C1327E}.Release|Any CPU.Build.0 = Release|Any CPU
		{AAF82FB9-BD16-49A7-9029-5F7CA0C1327E}.Release|Any CPU.Deploy.0 = Release|Any CPU
	EndGlobalSection
	GlobalSection(SolutionProperties) = preSolution
		HideSolutionNode = FALSE
	EndGlobalSection
EndGlobal
