
Microsoft Visual Studio Solution File, Format Version 12.00
# Visual Studio 14
VisualStudioVersion = 14.0.23107.0
MinimumVisualStudioVersion = 10.0.40219.1
Project("{FAE04EC0-301F-11D3-BF4B-00C04F79EFBC}") = "eManager.Domain", "eManager.Domain\eManager.Domain.csproj", "{D83F9DBF-58B8-4730-802D-38F643FE86EC}"
EndProject
Project("{FAE04EC0-301F-11D3-BF4B-00C04F79EFBC}") = "eManager.Web", "eManager.Web\eManager.Web.csproj", "{8D0F9CED-94C9-47C3-8CC0-B7E58871034A}"
EndProject
Global
	GlobalSection(SolutionConfigurationPlatforms) = preSolution
		Debug|Any CPU = Debug|Any CPU
		Release|Any CPU = Release|Any CPU
	EndGlobalSection
	GlobalSection(ProjectConfigurationPlatforms) = postSolution
		{D83F9DBF-58B8-4730-802D-38F643FE86EC}.Debug|Any CPU.ActiveCfg = Debug|Any CPU
		{D83F9DBF-58B8-4730-802D-38F643FE86EC}.Debug|Any CPU.Build.0 = Debug|Any CPU
		{D83F9DBF-58B8-4730-802D-38F643FE86EC}.Release|Any CPU.ActiveCfg = Release|Any CPU
		{D83F9DBF-58B8-4730-802D-38F643FE86EC}.Release|Any CPU.Build.0 = Release|Any CPU
		{8D0F9CED-94C9-47C3-8CC0-B7E58871034A}.Debug|Any CPU.ActiveCfg = Debug|Any CPU
		{8D0F9CED-94C9-47C3-8CC0-B7E58871034A}.Debug|Any CPU.Build.0 = Debug|Any CPU
		{8D0F9CED-94C9-47C3-8CC0-B7E58871034A}.Release|Any CPU.ActiveCfg = Release|Any CPU
		{8D0F9CED-94C9-47C3-8CC0-B7E58871034A}.Release|Any CPU.Build.0 = Release|Any CPU
	EndGlobalSection
	GlobalSection(SolutionProperties) = preSolution
		HideSolutionNode = FALSE
	EndGlobalSection
EndGlobal
